
Microsoft Visual Studio Solution File, Format Version 12.00
# Visual Studio 15
Project("{FAE04EC0-301F-11D3-BF4B-00C04F79EFBC}") = "Zapper.Payment.Api", "Zapper.Payment.Api\Zapper.Payment.Api.csproj", "{C47CEE89-5912-4968-A648-3617C89B12E7}"
EndProject
Project("{FAE04EC0-301F-11D3-BF4B-00C04F79EFBC}") = "Zapper.Payments.Api.Tests", "Zapper.Payments.Api.Tests\Zapper.Payments.Api.Tests.csproj", "{622885F4-A791-4A96-84F0-F8204C52687D}"
EndProject
Global
	GlobalSection(SolutionConfigurationPlatforms) = preSolution
		Debug|Any CPU = Debug|Any CPU
		Release|Any CPU = Release|Any CPU
	EndGlobalSection
	GlobalSection(ProjectConfigurationPlatforms) = postSolution
		{C47CEE89-5912-4968-A648-3617C89B12E7}.Debug|Any CPU.ActiveCfg = Debug|Any CPU
		{C47CEE89-5912-4968-A648-3617C89B12E7}.Debug|Any CPU.Build.0 = Debug|Any CPU
		{C47CEE89-5912-4968-A648-3617C89B12E7}.Release|Any CPU.ActiveCfg = Release|Any CPU
		{C47CEE89-5912-4968-A648-3617C89B12E7}.Release|Any CPU.Build.0 = Release|Any CPU
		{622885F4-A791-4A96-84F0-F8204C52687D}.Debug|Any CPU.ActiveCfg = Debug|Any CPU
		{622885F4-A791-4A96-84F0-F8204C52687D}.Debug|Any CPU.Build.0 = Debug|Any CPU
		{622885F4-A791-4A96-84F0-F8204C52687D}.Release|Any CPU.ActiveCfg = Release|Any CPU
		{622885F4-A791-4A96-84F0-F8204C52687D}.Release|Any CPU.Build.0 = Release|Any CPU
	EndGlobalSection
EndGlobal
